
Microsoft Visual Studio Solution File, Format Version 12.00
# Visual Studio Express 2012 for Windows Desktop
Project("{8BC9CEB8-8B4A-11D0-8D11-00A0C91BC942}") = "ADbase", "ADbase\ADbase.vcxproj", "{65515626-80AB-44F6-9862-0DD46FF7DE1A}"
EndProject
Project("{8BC9CEB8-8B4A-11D0-8D11-00A0C91BC942}") = "ADsystem", "ADsystem\ADsystem.vcxproj", "{B1CD0CE9-DE7A-45FC-9894-DB549F4A0CAE}"
	ProjectSection(ProjectDependencies) = postProject
		{65515626-80AB-44F6-9862-0DD46FF7DE1A} = {65515626-80AB-44F6-9862-0DD46FF7DE1A}
	EndProjectSection
EndProject
Project("{8BC9CEB8-8B4A-11D0-8D11-00A0C91BC942}") = "FlashADD", "ADefx\FlashADD\FlashADD.vcxproj", "{989AC49E-5AB4-48D2-B8D8-96C1ABE9E7B4}"
	ProjectSection(ProjectDependencies) = postProject
		{65515626-80AB-44F6-9862-0DD46FF7DE1A} = {65515626-80AB-44F6-9862-0DD46FF7DE1A}
	EndProjectSection
EndProject
Project("{8BC9CEB8-8B4A-11D0-8D11-00A0C91BC942}") = "FlashSUB", "ADefx\FlashSUB\FlashSUB.vcxproj", "{F19ED4A4-0042-4297-A169-D9A033A682A8}"
	ProjectSection(ProjectDependencies) = postProject
		{65515626-80AB-44F6-9862-0DD46FF7DE1A} = {65515626-80AB-44F6-9862-0DD46FF7DE1A}
	EndProjectSection
EndProject
Project("{8BC9CEB8-8B4A-11D0-8D11-00A0C91BC942}") = "HeRaY", "ADefx\HeRaY\HeRaY.vcxproj", "{E29AC2C3-363F-48AC-B13F-C9FAF5842A48}"
	ProjectSection(ProjectDependencies) = postProject
		{65515626-80AB-44F6-9862-0DD46FF7DE1A} = {65515626-80AB-44F6-9862-0DD46FF7DE1A}
	EndProjectSection
EndProject
Project("{8BC9CEB8-8B4A-11D0-8D11-00A0C91BC942}") = "Media", "ADefx\Media\Media.vcxproj", "{0FC0E461-D8C3-4368-A695-29D9E6545B1A}"
	ProjectSection(ProjectDependencies) = postProject
		{65515626-80AB-44F6-9862-0DD46FF7DE1A} = {65515626-80AB-44F6-9862-0DD46FF7DE1A}
	EndProjectSection
EndProject
Project("{8BC9CEB8-8B4A-11D0-8D11-00A0C91BC942}") = "Plasma", "ADefx\Plasma\Plasma.vcxproj", "{A8A83367-A03C-416B-9701-C3CBE434210B}"
	ProjectSection(ProjectDependencies) = postProject
		{65515626-80AB-44F6-9862-0DD46FF7DE1A} = {65515626-80AB-44F6-9862-0DD46FF7DE1A}
	EndProjectSection
EndProject
Project("{8BC9CEB8-8B4A-11D0-8D11-00A0C91BC942}") = "RotoZoomer", "ADefx\RotoZoomer\RotoZoomer.vcxproj", "{A26DB74F-5733-4B96-9D03-4F72E49A3725}"
	ProjectSection(ProjectDependencies) = postProject
		{65515626-80AB-44F6-9862-0DD46FF7DE1A} = {65515626-80AB-44F6-9862-0DD46FF7DE1A}
	EndProjectSection
EndProject
Project("{8BC9CEB8-8B4A-11D0-8D11-00A0C91BC942}") = "v2Dtest", "ADefx\v2Dtest\v2Dtest.vcxproj", "{6C3AD4B8-B125-4C52-8AE7-1A4180DE4AD8}"
	ProjectSection(ProjectDependencies) = postProject
		{65515626-80AB-44F6-9862-0DD46FF7DE1A} = {65515626-80AB-44F6-9862-0DD46FF7DE1A}
	EndProjectSection
EndProject
Project("{8BC9CEB8-8B4A-11D0-8D11-00A0C91BC942}") = "ADefx_skeleton", "ADefx\ADefx_skeleton\ADefx_skeleton.vcxproj", "{E97DBC35-9601-4100-BB31-E8E73D5B26C4}"
	ProjectSection(ProjectDependencies) = postProject
		{65515626-80AB-44F6-9862-0DD46FF7DE1A} = {65515626-80AB-44F6-9862-0DD46FF7DE1A}
	EndProjectSection
EndProject
Project("{8BC9CEB8-8B4A-11D0-8D11-00A0C91BC942}") = "Lowpass", "ADefx\Lowpass\Lowpass.vcxproj", "{AADD78FB-6A8F-48F9-B38E-01AC5BF8600E}"
EndProject
Global
	GlobalSection(SolutionConfigurationPlatforms) = preSolution
		Debug_NO_FMOD|Win32 = Debug_NO_FMOD|Win32
		Debug|Win32 = Debug|Win32
		Release_NO_FMOD|Win32 = Release_NO_FMOD|Win32
		Release|Win32 = Release|Win32
	EndGlobalSection
	GlobalSection(ProjectConfigurationPlatforms) = postSolution
		{65515626-80AB-44F6-9862-0DD46FF7DE1A}.Debug_NO_FMOD|Win32.ActiveCfg = Debug|Win32
		{65515626-80AB-44F6-9862-0DD46FF7DE1A}.Debug_NO_FMOD|Win32.Build.0 = Debug|Win32
		{65515626-80AB-44F6-9862-0DD46FF7DE1A}.Debug|Win32.ActiveCfg = Debug|Win32
		{65515626-80AB-44F6-9862-0DD46FF7DE1A}.Debug|Win32.Build.0 = Debug|Win32
		{65515626-80AB-44F6-9862-0DD46FF7DE1A}.Release_NO_FMOD|Win32.ActiveCfg = Release|Win32
		{65515626-80AB-44F6-9862-0DD46FF7DE1A}.Release_NO_FMOD|Win32.Build.0 = Release|Win32
		{65515626-80AB-44F6-9862-0DD46FF7DE1A}.Release|Win32.ActiveCfg = Release|Win32
		{65515626-80AB-44F6-9862-0DD46FF7DE1A}.Release|Win32.Build.0 = Release|Win32
		{B1CD0CE9-DE7A-45FC-9894-DB549F4A0CAE}.Debug_NO_FMOD|Win32.ActiveCfg = Debug_NO_FMOD|Win32
		{B1CD0CE9-DE7A-45FC-9894-DB549F4A0CAE}.Debug_NO_FMOD|Win32.Build.0 = Debug_NO_FMOD|Win32
		{B1CD0CE9-DE7A-45FC-9894-DB549F4A0CAE}.Debug|Win32.ActiveCfg = Debug|Win32
		{B1CD0CE9-DE7A-45FC-9894-DB549F4A0CAE}.Debug|Win32.Build.0 = Debug|Win32
		{B1CD0CE9-DE7A-45FC-9894-DB549F4A0CAE}.Release_NO_FMOD|Win32.ActiveCfg = Release_NO_FMOD|Win32
		{B1CD0CE9-DE7A-45FC-9894-DB549F4A0CAE}.Release_NO_FMOD|Win32.Build.0 = Release_NO_FMOD|Win32
		{B1CD0CE9-DE7A-45FC-9894-DB549F4A0CAE}.Release|Win32.ActiveCfg = Release|Win32
		{B1CD0CE9-DE7A-45FC-9894-DB549F4A0CAE}.Release|Win32.Build.0 = Release|Win32
		{989AC49E-5AB4-48D2-B8D8-96C1ABE9E7B4}.Debug_NO_FMOD|Win32.ActiveCfg = Debug|Win32
		{989AC49E-5AB4-48D2-B8D8-96C1ABE9E7B4}.Debug_NO_FMOD|Win32.Build.0 = Debug|Win32
		{989AC49E-5AB4-48D2-B8D8-96C1ABE9E7B4}.Debug|Win32.ActiveCfg = Debug|Win32
		{989AC49E-5AB4-48D2-B8D8-96C1ABE9E7B4}.Debug|Win32.Build.0 = Debug|Win32
		{989AC49E-5AB4-48D2-B8D8-96C1ABE9E7B4}.Release_NO_FMOD|Win32.ActiveCfg = Release|Win32
		{989AC49E-5AB4-48D2-B8D8-96C1ABE9E7B4}.Release_NO_FMOD|Win32.Build.0 = Release|Win32
		{989AC49E-5AB4-48D2-B8D8-96C1ABE9E7B4}.Release|Win32.ActiveCfg = Release|Win32
		{989AC49E-5AB4-48D2-B8D8-96C1ABE9E7B4}.Release|Win32.Build.0 = Release|Win32
		{F19ED4A4-0042-4297-A169-D9A033A682A8}.Debug_NO_FMOD|Win32.ActiveCfg = Debug|Win32
		{F19ED4A4-0042-4297-A169-D9A033A682A8}.Debug_NO_FMOD|Win32.Build.0 = Debug|Win32
		{F19ED4A4-0042-4297-A169-D9A033A682A8}.Debug|Win32.ActiveCfg = Debug|Win32
		{F19ED4A4-0042-4297-A169-D9A033A682A8}.Debug|Win32.Build.0 = Debug|Win32
		{F19ED4A4-0042-4297-A169-D9A033A682A8}.Release_NO_FMOD|Win32.ActiveCfg = Release|Win32
		{F19ED4A4-0042-4297-A169-D9A033A682A8}.Release_NO_FMOD|Win32.Build.0 = Release|Win32
		{F19ED4A4-0042-4297-A169-D9A033A682A8}.Release|Win32.ActiveCfg = Release|Win32
		{F19ED4A4-0042-4297-A169-D9A033A682A8}.Release|Win32.Build.0 = Release|Win32
		{E29AC2C3-363F-48AC-B13F-C9FAF5842A48}.Debug_NO_FMOD|Win32.ActiveCfg = Debug|Win32
		{E29AC2C3-363F-48AC-B13F-C9FAF5842A48}.Debug_NO_FMOD|Win32.Build.0 = Debug|Win32
		{E29AC2C3-363F-48AC-B13F-C9FAF5842A48}.Debug|Win32.ActiveCfg = Debug|Win32
		{E29AC2C3-363F-48AC-B13F-C9FAF5842A48}.Debug|Win32.Build.0 = Debug|Win32
		{E29AC2C3-363F-48AC-B13F-C9FAF5842A48}.Release_NO_FMOD|Win32.ActiveCfg = Release|Win32
		{E29AC2C3-363F-48AC-B13F-C9FAF5842A48}.Release_NO_FMOD|Win32.Build.0 = Release|Win32
		{E29AC2C3-363F-48AC-B13F-C9FAF5842A48}.Release|Win32.ActiveCfg = Release|Win32
		{E29AC2C3-363F-48AC-B13F-C9FAF5842A48}.Release|Win32.Build.0 = Release|Win32
		{0FC0E461-D8C3-4368-A695-29D9E6545B1A}.Debug_NO_FMOD|Win32.ActiveCfg = Debug|Win32
		{0FC0E461-D8C3-4368-A695-29D9E6545B1A}.Debug_NO_FMOD|Win32.Build.0 = Debug|Win32
		{0FC0E461-D8C3-4368-A695-29D9E6545B1A}.Debug|Win32.ActiveCfg = Debug|Win32
		{0FC0E461-D8C3-4368-A695-29D9E6545B1A}.Debug|Win32.Build.0 = Debug|Win32
		{0FC0E461-D8C3-4368-A695-29D9E6545B1A}.Release_NO_FMOD|Win32.ActiveCfg = Release|Win32
		{0FC0E461-D8C3-4368-A695-29D9E6545B1A}.Release_NO_FMOD|Win32.Build.0 = Release|Win32
		{0FC0E461-D8C3-4368-A695-29D9E6545B1A}.Release|Win32.ActiveCfg = Release|Win32
		{0FC0E461-D8C3-4368-A695-29D9E6545B1A}.Release|Win32.Build.0 = Release|Win32
		{A8A83367-A03C-416B-9701-C3CBE434210B}.Debug_NO_FMOD|Win32.ActiveCfg = Debug|Win32
		{A8A83367-A03C-416B-9701-C3CBE434210B}.Debug_NO_FMOD|Win32.Build.0 = Debug|Win32
		{A8A83367-A03C-416B-9701-C3CBE434210B}.Debug|Win32.ActiveCfg = Debug|Win32
		{A8A83367-A03C-416B-9701-C3CBE434210B}.Debug|Win32.Build.0 = Debug|Win32
		{A8A83367-A03C-416B-9701-C3CBE434210B}.Release_NO_FMOD|Win32.ActiveCfg = Release|Win32
		{A8A83367-A03C-416B-9701-C3CBE434210B}.Release_NO_FMOD|Win32.Build.0 = Release|Win32
		{A8A83367-A03C-416B-9701-C3CBE434210B}.Release|Win32.ActiveCfg = Release|Win32
		{A8A83367-A03C-416B-9701-C3CBE434210B}.Release|Win32.Build.0 = Release|Win32
		{A26DB74F-5733-4B96-9D03-4F72E49A3725}.Debug_NO_FMOD|Win32.ActiveCfg = Debug|Win32
		{A26DB74F-5733-4B96-9D03-4F72E49A3725}.Debug_NO_FMOD|Win32.Build.0 = Debug|Win32
		{A26DB74F-5733-4B96-9D03-4F72E49A3725}.Debug|Win32.ActiveCfg = Debug|Win32
		{A26DB74F-5733-4B96-9D03-4F72E49A3725}.Debug|Win32.Build.0 = Debug|Win32
		{A26DB74F-5733-4B96-9D03-4F72E49A3725}.Release_NO_FMOD|Win32.ActiveCfg = Release|Win32
		{A26DB74F-5733-4B96-9D03-4F72E49A3725}.Release_NO_FMOD|Win32.Build.0 = Release|Win32
		{A26DB74F-5733-4B96-9D03-4F72E49A3725}.Release|Win32.ActiveCfg = Release|Win32
		{A26DB74F-5733-4B96-9D03-4F72E49A3725}.Release|Win32.Build.0 = Release|Win32
		{6C3AD4B8-B125-4C52-8AE7-1A4180DE4AD8}.Debug_NO_FMOD|Win32.ActiveCfg = Debug|Win32
		{6C3AD4B8-B125-4C52-8AE7-1A4180DE4AD8}.Debug_NO_FMOD|Win32.Build.0 = Debug|Win32
		{6C3AD4B8-B125-4C52-8AE7-1A4180DE4AD8}.Debug|Win32.ActiveCfg = Debug|Win32
		{6C3AD4B8-B125-4C52-8AE7-1A4180DE4AD8}.Debug|Win32.Build.0 = Debug|Win32
		{6C3AD4B8-B125-4C52-8AE7-1A4180DE4AD8}.Release_NO_FMOD|Win32.ActiveCfg = Release|Win32
		{6C3AD4B8-B125-4C52-8AE7-1A4180DE4AD8}.Release_NO_FMOD|Win32.Build.0 = Release|Win32
		{6C3AD4B8-B125-4C52-8AE7-1A4180DE4AD8}.Release|Win32.ActiveCfg = Release|Win32
		{6C3AD4B8-B125-4C52-8AE7-1A4180DE4AD8}.Release|Win32.Build.0 = Release|Win32
		{E97DBC35-9601-4100-BB31-E8E73D5B26C4}.Debug_NO_FMOD|Win32.ActiveCfg = Debug|Win32
		{E97DBC35-9601-4100-BB31-E8E73D5B26C4}.Debug_NO_FMOD|Win32.Build.0 = Debug|Win32
		{E97DBC35-9601-4100-BB31-E8E73D5B26C4}.Debug|Win32.ActiveCfg = Debug|Win32
		{E97DBC35-9601-4100-BB31-E8E73D5B26C4}.Debug|Win32.Build.0 = Debug|Win32
		{E97DBC35-9601-4100-BB31-E8E73D5B26C4}.Release_NO_FMOD|Win32.ActiveCfg = Release|Win32
		{E97DBC35-9601-4100-BB31-E8E73D5B26C4}.Release_NO_FMOD|Win32.Build.0 = Release|Win32
		{E97DBC35-9601-4100-BB31-E8E73D5B26C4}.Release|Win32.ActiveCfg = Release|Win32
		{E97DBC35-9601-4100-BB31-E8E73D5B26C4}.Release|Win32.Build.0 = Release|Win32
		{AADD78FB-6A8F-48F9-B38E-01AC5BF8600E}.Debug_NO_FMOD|Win32.ActiveCfg = Debug|Win32
		{AADD78FB-6A8F-48F9-B38E-01AC5BF8600E}.Debug_NO_FMOD|Win32.Build.0 = Debug|Win32
		{AADD78FB-6A8F-48F9-B38E-01AC5BF8600E}.Debug|Win32.ActiveCfg = Debug|Win32
		{AADD78FB-6A8F-48F9-B38E-01AC5BF8600E}.Debug|Win32.Build.0 = Debug|Win32
		{AADD78FB-6A8F-48F9-B38E-01AC5BF8600E}.Release_NO_FMOD|Win32.ActiveCfg = Release|Win32
		{AADD78FB-6A8F-48F9-B38E-01AC5BF8600E}.Release_NO_FMOD|Win32.Build.0 = Release|Win32
		{AADD78FB-6A8F-48F9-B38E-01AC5BF8600E}.Release|Win32.ActiveCfg = Release|Win32
		{AADD78FB-6A8F-48F9-B38E-01AC5BF8600E}.Release|Win32.Build.0 = Release|Win32
	EndGlobalSection
	GlobalSection(SolutionProperties) = preSolution
		HideSolutionNode = FALSE
	EndGlobalSection
EndGlobal
