<?xml version="1.0" encoding="utf-8"?>
<Project ToolsVersion="4.0" xmlns="http://schemas.microsoft.com/developer/msbuild/2003">
  <ItemGroup>
    <Filter Include="Source Files">
      <UniqueIdentifier>{2f21ab5f-346b-40ff-819d-5ea7b376a660}</UniqueIdentifier>
      <Extensions>cpp;c;cxx;rc;def;r;odl;idl;hpj;bat</Extensions>
    </Filter>
    <Filter Include="Header Files">
      <UniqueIdentifier>{b8a670f2-08e7-4d25-b2d8-7aa6cadd7c4c}</UniqueIdentifier>
      <Extensions>h;hpp;hxx;hm;inl</Extensions>
    </Filter>
    <Filter Include="Resource Files">
      <UniqueIdentifier>{a5eb04fb-f08f-4ffc-975e-5101743e1de9}</UniqueIdentifier>
      <Extensions>ico;cur;bmp;dlg;rc2;rct;bin;rgs;gif;jpg;jpeg;jpe</Extensions>
    </Filter>
  </ItemGroup>
  <ItemGroup>
    <ClCompile Include="ADbase.cpp">
      <Filter>Source Files</Filter>
    </ClCompile>
    <ClCompile Include="ADbasic.cpp">
      <Filter>Source Files</Filter>
    </ClCompile>
    <ClCompile Include="ADcontrol.cpp">
      <Filter>Source Files</Filter>
    </ClCompile>
    <ClCompile Include="efx2D.cpp">
      <Filter>Source Files</Filter>
    </ClCompile>
    <ClCompile Include="filebuf.cpp">
      <Filter>Source Files</Filter>
    </ClCompile>
    <ClCompile Include="image.cpp">
      <Filter>Source Files</Filter>
    </ClCompile>
    <ClCompile Include="ptrlist.cpp">
      <Filter>Source Files</Filter>
    </ClCompile>
    <ClCompile Include="StdAfx.cpp">
      <Filter>Source Files</Filter>
    </ClCompile>
  </ItemGroup>
  <ItemGroup>
    <ClInclude Include="ADbase.h">
      <Filter>Header Files</Filter>
    </ClInclude>
    <ClInclude Include="ADbasic.h">
      <Filter>Header Files</Filter>
    </ClInclude>
    <ClInclude Include="ADcontrol.h">
      <Filter>Header Files</Filter>
    </ClInclude>
    <ClInclude Include="ctsystem.h">
      <Filter>Header Files</Filter>
    </ClInclude>
    <ClInclude Include="efx2D.h">
      <Filter>Header Files</Filter>
    </ClInclude>
    <ClInclude Include="filebuf.h">
      <Filter>Header Files</Filter>
    </ClInclude>
    <ClInclude Include="image.h">
      <Filter>Header Files</Filter>
    </ClInclude>
    <ClInclude Include="ptrlist.h">
      <Filter>Header Files</Filter>
    </ClInclude>
    <ClInclude Include="StdAfx.h">
      <Filter>Header Files</Filter>
    </ClInclude>
    <ClInclude Include="resource.h">
      <Filter>Resource Files</Filter>
    </ClInclude>
  </ItemGroup>
  <ItemGroup>
    <ResourceCompile Include="ADbase.rc">
      <Filter>Resource Files</Filter>
    </ResourceCompile>
  </ItemGroup>
</Project>