<?xml version="1.0" encoding="utf-8"?>
<Project ToolsVersion="4.0" xmlns="http://schemas.microsoft.com/developer/msbuild/2003">
  <ItemGroup>
    <Filter Include="EFX">
      <UniqueIdentifier>{6852b376-0cda-4988-a468-98955bb13001}</UniqueIdentifier>
    </Filter>
    <Filter Include="Import-Export">
      <UniqueIdentifier>{64d72b10-6275-4929-9c29-e1b2fe11f94b}</UniqueIdentifier>
    </Filter>
  </ItemGroup>
  <ItemGroup>
    <ClCompile Include="myefx.cpp">
      <Filter>EFX</Filter>
    </ClCompile>
    <ClCompile Include="ADefx.cpp">
      <Filter>Import-Export</Filter>
    </ClCompile>
  </ItemGroup>
  <ItemGroup>
    <ClInclude Include="myefx.h">
      <Filter>EFX</Filter>
    </ClInclude>
    <ClInclude Include="ADefx.h">
      <Filter>Import-Export</Filter>
    </ClInclude>
  </ItemGroup>
  <ItemGroup>
    <CustomBuild Include="ADefx.def">
      <Filter>Import-Export</Filter>
    </CustomBuild>
  </ItemGroup>
</Project>